
Microsoft Visual Studio Solution File, Format Version 12.00
# Visual Studio 14
VisualStudioVersion = 14.0.25420.1
MinimumVisualStudioVersion = 10.0.40219.1
Project("{2150E333-8FDC-42A3-9474-1A3956D46DE8}") = "Analysis", "Analysis", "{DB96042F-8815-430D-8345-362F4266F0FE}"
EndProject
Project("{2150E333-8FDC-42A3-9474-1A3956D46DE8}") = "Collections", "Collections", "{F63B0164-47EE-43BA-BAAE-411CD5EC092A}"
EndProject
Project("{2150E333-8FDC-42A3-9474-1A3956D46DE8}") = "Examples", "Examples", "{5E30A55A-F4F4-4309-B469-7D491CE23900}"
EndProject
Project("{2150E333-8FDC-42A3-9474-1A3956D46DE8}") = "Interop", "Interop", "{7BDFE467-19E2-416F-94E5-647C8835DE06}"
EndProject
Project("{2150E333-8FDC-42A3-9474-1A3956D46DE8}") = "Models", "Models", "{C4EFD8FD-FEBA-4C3B-B9E4-1954EBBDA1C5}"
EndProject
Project("{2150E333-8FDC-42A3-9474-1A3956D46DE8}") = "Synchronizations", "Synchronizations", "{3DCA5BDA-D495-4CD7-8424-3E33572DFF09}"
EndProject
Project("{2150E333-8FDC-42A3-9474-1A3956D46DE8}") = "Tools", "Tools", "{C933F88A-DC6F-4D15-9816-6D47EC964AC4}"
EndProject
Project("{2150E333-8FDC-42A3-9474-1A3956D46DE8}") = "Transformations", "Transformations", "{1C0861BF-06B9-4605-BA4B-0E7993E4CF0E}"
EndProject
Project("{2150E333-8FDC-42A3-9474-1A3956D46DE8}") = "Expressions", "Expressions", "{A75E4BA2-EC03-4074-B5A9-1BA2636658E9}"
EndProject
Project("{FAE04EC0-301F-11D3-BF4B-00C04F79EFBC}") = "Connectivity", "Analysis\Connectivity\Connectivity.csproj", "{A88B8AD4-1BE3-4E2B-B9E4-C1D34FF64E30}"
EndProject
Project("{FAE04EC0-301F-11D3-BF4B-00C04F79EFBC}") = "Collections", "Collections\Collections\Collections.csproj", "{6F57AA50-FB70-4DE8-BEAB-E3AE58B225D3}"
EndProject
Project("{FAE04EC0-301F-11D3-BF4B-00C04F79EFBC}") = "Collections.Test", "Collections\Collections.Test\Collections.Test.csproj", "{72A0A175-B9EC-4BEF-8C29-164C8C878A08}"
EndProject
Project("{FAE04EC0-301F-11D3-BF4B-00C04F79EFBC}") = "Synchronizations.Sample", "Examples\Synchronizations.Sample\Synchronizations.Sample.csproj", "{DE054DF8-C249-4222-9EE7-A44B0442E0CD}"
EndProject
Project("{FAE04EC0-301F-11D3-BF4B-00C04F79EFBC}") = "Transformations.Sample", "Examples\Transformations.Sample\Transformations.Sample.csproj", "{DC65E4BA-5983-47CB-8D6E-1947C7F15973}"
EndProject
Project("{FAE04EC0-301F-11D3-BF4B-00C04F79EFBC}") = "Expressions", "Expressions\Expressions\Expressions.csproj", "{AFCA9D1D-26A6-482A-A5AB-0827AD0FD677}"
EndProject
Project("{FAE04EC0-301F-11D3-BF4B-00C04F79EFBC}") = "Expressions.Linq", "Expressions\Expressions.Linq\Expressions.Linq.csproj", "{E82D72A1-90F6-4341-A82D-D6B40349DF63}"
EndProject
Project("{FAE04EC0-301F-11D3-BF4B-00C04F79EFBC}") = "PortableExpressions", "Expressions\PortableExpressions\PortableExpressions.csproj", "{861297A5-E950-4CA3-9F9F-ED921E49C153}"
EndProject
Project("{2150E333-8FDC-42A3-9474-1A3956D46DE8}") = "Tests", "Tests", "{0B9F756F-763B-4BEB-A592-78DBD370B3A9}"
EndProject
Project("{FAE04EC0-301F-11D3-BF4B-00C04F79EFBC}") = "Expressions.Linq.Test", "Expressions\Tests\Expressions.Linq.Tests\Expressions.Linq.Test.csproj", "{FCB61E3F-2624-4146-BB83-9D2B539D99F9}"
EndProject
Project("{FAE04EC0-301F-11D3-BF4B-00C04F79EFBC}") = "Expressions.Test", "Expressions\Tests\Expressions.Test\Expressions.Test.csproj", "{B597948E-4470-4F98-B018-9BF66244DE76}"
EndProject
Project("{FAE04EC0-301F-11D3-BF4B-00C04F79EFBC}") = "PortableExpressions.Test", "Expressions\Tests\PortableExpressions.Test\PortableExpressions.Test.csproj", "{A101E569-E902-4076-AF1F-6B60B465AB69}"
EndProject
Project("{FAE04EC0-301F-11D3-BF4B-00C04F79EFBC}") = "PortableExpressions.Linq.Test", "Expressions\Tests\PortableExpressions.Linq.Test\PortableExpressions.Linq.Test.csproj", "{28E1CCFD-718B-4B9C-8B95-F5B3B7CCCB88}"
EndProject
Project("{FAE04EC0-301F-11D3-BF4B-00C04F79EFBC}") = "EcoreInterop", "Interop\EcoreInterop\EcoreInterop.csproj", "{995F4711-32F9-45CD-BA32-48E638DB479C}"
EndProject
Project("{2150E333-8FDC-42A3-9474-1A3956D46DE8}") = "Tests", "Tests", "{F44E4ECD-C55F-4575-B068-DA117F88C7CF}"
EndProject
Project("{FAE04EC0-301F-11D3-BF4B-00C04F79EFBC}") = "EcoreInterop.Tests", "Interop\EcoreInterop.Tests\EcoreInterop.Tests.csproj", "{BAA2850C-0A9A-4343-9C6C-14840E216A1F}"
EndProject
Project("{FAE04EC0-301F-11D3-BF4B-00C04F79EFBC}") = "UMLInterop", "Interop\UMLInterop\UMLInterop.csproj", "{F8CAAED2-0A64-4756-AA97-C0BDD56F2F25}"
EndProject
Project("{FAE04EC0-301F-11D3-BF4B-00C04F79EFBC}") = "Models", "Models\Models\Models.csproj", "{E42AC7B6-8120-40B5-8CD3-C4139B940897}"
EndProject
Project("{FAE04EC0-301F-11D3-BF4B-00C04F79EFBC}") = "Serialization", "Models\Serialization\Serialization.csproj", "{C24EF2AC-49D3-4542-BC40-5D62E12C7DED}"
EndProject
Project("{2150E333-8FDC-42A3-9474-1A3956D46DE8}") = "Tests", "Tests", "{29836241-DC45-4104-93D2-6F4C46F298FA}"
EndProject
Project("{FAE04EC0-301F-11D3-BF4B-00C04F79EFBC}") = "Models.Tests", "Models\Models.Tests\Models.Tests.csproj", "{31EC737E-E2A9-4FFD-A62B-94C0E4546DBA}"
EndProject
Project("{FAE04EC0-301F-11D3-BF4B-00C04F79EFBC}") = "Synchronizations", "Synchronizations\Synchronizations\Synchronizations.csproj", "{B3E047F9-7648-4969-842B-405701FB274A}"
EndProject
Project("{2150E333-8FDC-42A3-9474-1A3956D46DE8}") = "Tests", "Tests", "{16A909F8-F86F-4C65-9202-655E088A7D30}"
EndProject
Project("{FAE04EC0-301F-11D3-BF4B-00C04F79EFBC}") = "Synchronizations.Tests", "Synchronizations\Synchronizations.Tests\Synchronizations.Tests.csproj", "{863F112D-A4A4-4225-B6DA-4E9BD0625001}"
EndProject
Project("{FAE04EC0-301F-11D3-BF4B-00C04F79EFBC}") = "Ecore2Code", "Tools\Ecore2Code\Ecore2Code.csproj", "{BE62B112-0032-4631-B021-A1008B2CB367}"
EndProject
Project("{FAE04EC0-301F-11D3-BF4B-00C04F79EFBC}") = "Tests", "Tools\Tests\Tests.csproj", "{A73B97DD-F870-48D0-86AE-713457B47E2B}"
EndProject
Project("{FAE04EC0-301F-11D3-BF4B-00C04F79EFBC}") = "Utilities", "Tools\Utilities\Utilities.csproj", "{868226D4-BC8B-4B91-BD09-8F63D3C9DEBE}"
EndProject
Project("{FAE04EC0-301F-11D3-BF4B-00C04F79EFBC}") = "Utilities.Tests", "Tools\Utilities.Tests\Utilities.Tests.csproj", "{9B694CCC-0A7A-4190-AB86-29A20625DD95}"
EndProject
Project("{FAE04EC0-301F-11D3-BF4B-00C04F79EFBC}") = "CodeGen", "Transformations\CodeGen\CodeGen.csproj", "{A91742F8-923C-4B8C-8E53-C2EC34B80130}"
EndProject
Project("{FAE04EC0-301F-11D3-BF4B-00C04F79EFBC}") = "Models.MetaTransformation", "Transformations\Models.MetaTransformation\Models.MetaTransformation.csproj", "{EAC542FC-085F-454E-AAED-36B6ECB0A2F8}"
EndProject
Project("{FAE04EC0-301F-11D3-BF4B-00C04F79EFBC}") = "Models.Transformations", "Transformations\Models.Transformations\Models.Transformations.csproj", "{C9FA4B20-4325-460B-8FDF-8AC577090473}"
EndProject
Project("{FAE04EC0-301F-11D3-BF4B-00C04F79EFBC}") = "Transformations", "Transformations\Transformations\Transformations.csproj", "{235646F1-1F85-47C9-8BD2-A3E854AC38EB}"
EndProject
Project("{FAE04EC0-301F-11D3-BF4B-00C04F79EFBC}") = "Transformations.Trace", "Transformations\Transformations.Analysis\Transformations.Trace.csproj", "{C862599C-ED16-4D39-80AF-4F71F41302C0}"
EndProject
Project("{FAE04EC0-301F-11D3-BF4B-00C04F79EFBC}") = "Transformations.Core", "Transformations\Transformations.Core\Transformations.Core.csproj", "{9A62C452-44E3-4263-A91D-8B480259270D}"
EndProject
Project("{FAE04EC0-301F-11D3-BF4B-00C04F79EFBC}") = "Transformations.Parallel", "Transformations\Transformations.Parallel\Transformations.Parallel.csproj", "{CB2E194B-7C25-4952-BB51-BCAD34E8F406}"
EndProject
Project("{2150E333-8FDC-42A3-9474-1A3956D46DE8}") = "Tests", "Tests", "{AB4705A4-A917-49DC-BF01-215241FA02E1}"
EndProject
Project("{FAE04EC0-301F-11D3-BF4B-00C04F79EFBC}") = "Transformations.Tests", "Transformations\Transformations.Tests\Transformations.Tests.csproj", "{9E9F2CC8-8190-42B2-8D44-CCC28AC4292A}"
EndProject
Project("{FAE04EC0-301F-11D3-BF4B-00C04F79EFBC}") = "Expressions.Models", "Expressions\Models.Expressions\Expressions.Models.csproj", "{25183C1B-5A1D-4535-AE62-90105C00BEAF}"
EndProject
Project("{FAE04EC0-301F-11D3-BF4B-00C04F79EFBC}") = "Expressions.Models.Tests", "Expressions\Tests\Models.Expressions.Tests\Expressions.Models.Tests.csproj", "{CE4F8D70-E17A-4C51-9C9E-BFB42978B5E8}"
EndProject
Project("{FAE04EC0-301F-11D3-BF4B-00C04F79EFBC}") = "Benchmarks", "Analysis\Benchmarks\Benchmarks.csproj", "{AFF77CC1-3907-4AD0-B072-B838DB793280}"
EndProject
Project("{2150E333-8FDC-42A3-9474-1A3956D46DE8}") = "Solution Items", "Solution Items", "{70FFD7DB-3FC7-4C0D-ABD9-4F4392E9EE60}"
	ProjectSection(SolutionItems) = preProject
		CommonAssemblyInfo.cs = CommonAssemblyInfo.cs
	EndProjectSection
EndProject
Project("{FAE04EC0-301F-11D3-BF4B-00C04F79EFBC}") = "Layering", "Analysis\Layering\Layering.csproj", "{A44583A6-D3DD-4798-A82F-93F54EF1431D}"
EndProject
Project("{FAE04EC0-301F-11D3-BF4B-00C04F79EFBC}") = "Expressions.Configuration", "Expressions\Expressions.Configuration\Expressions.Configuration.csproj", "{CE312AFB-2FB6-4436-89D6-33242D26E2A3}"
EndProject
Project("{FAE04EC0-301F-11D3-BF4B-00C04F79EFBC}") = "Expressions.Utilities", "Expressions\Expressions.Utilities\Expressions.Utilities.csproj", "{185E5F57-2CB6-49B1-B47C-FD6F55EB2E56}"
EndProject
Project("{FAE04EC0-301F-11D3-BF4B-00C04F79EFBC}") = "Expressions.Utilities.Tests", "Expressions\Tests\Expressions.Utilities.Tests\Expressions.Utilities.Tests.csproj", "{C31C5E02-2BCD-4908-B941-B723B758E875}"
EndProject
Project("{FAE04EC0-301F-11D3-BF4B-00C04F79EFBC}") = "Expressions.Configuration.Test", "Expressions\Tests\Expressions.Configuration.Test\Expressions.Configuration.Test.csproj", "{3264F836-203E-4685-BC29-1B41BA386A12}"
EndProject
Project("{2150E333-8FDC-42A3-9474-1A3956D46DE8}") = "Optimizations", "Optimizations", "{119E1FEF-4D67-457A-9AD3-3FE0C43B4DEA}"
EndProject
Project("{FAE04EC0-301F-11D3-BF4B-00C04F79EFBC}") = "Optimizations", "Optimizations\Optimizations\Optimizations.csproj", "{C87ABC52-01D9-4D37-8705-BA0795C7BAEB}"
EndProject
Project("{2150E333-8FDC-42A3-9474-1A3956D46DE8}") = "Tests", "Tests", "{F71EE711-DD09-4ECB-B060-1A737D573AF3}"
EndProject
Project("{FAE04EC0-301F-11D3-BF4B-00C04F79EFBC}") = "Optimizations.Tests", "Optimizations\Tests\Optimizations.Tests\Optimizations.Tests.csproj", "{1F67AE40-F8B5-4FD0-9560-ACF1EA6434B4}"
EndProject
Project("{FAE04EC0-301F-11D3-BF4B-00C04F79EFBC}") = "Incerator", "Tools\Incerator\Incerator.csproj", "{9ACD49E1-4EE2-4CB0-832F-514D7E475693}"
EndProject
Project("{FAE04EC0-301F-11D3-BF4B-00C04F79EFBC}") = "Analysis", "Analysis\Analysis\Analysis.csproj", "{09761C44-D1F2-4DB7-B33C-FCDBF260388C}"
EndProject
Project("{FAE04EC0-301F-11D3-BF4B-00C04F79EFBC}") = "TrainBenchmark", "Expressions\Tests\TrainBenchmark\TrainBenchmark.csproj", "{32068384-1495-4002-9F26-CCFF63405B92}"
EndProject
Global
	GlobalSection(SolutionConfigurationPlatforms) = preSolution
		Debug|Any CPU = Debug|Any CPU
		Release|Any CPU = Release|Any CPU
	EndGlobalSection
	GlobalSection(ProjectConfigurationPlatforms) = postSolution
		{A88B8AD4-1BE3-4E2B-B9E4-C1D34FF64E30}.Debug|Any CPU.ActiveCfg = Debug|Any CPU
		{A88B8AD4-1BE3-4E2B-B9E4-C1D34FF64E30}.Debug|Any CPU.Build.0 = Debug|Any CPU
		{A88B8AD4-1BE3-4E2B-B9E4-C1D34FF64E30}.Release|Any CPU.ActiveCfg = Release|Any CPU
		{A88B8AD4-1BE3-4E2B-B9E4-C1D34FF64E30}.Release|Any CPU.Build.0 = Release|Any CPU
		{6F57AA50-FB70-4DE8-BEAB-E3AE58B225D3}.Debug|Any CPU.ActiveCfg = Debug|Any CPU
		{6F57AA50-FB70-4DE8-BEAB-E3AE58B225D3}.Debug|Any CPU.Build.0 = Debug|Any CPU
		{6F57AA50-FB70-4DE8-BEAB-E3AE58B225D3}.Release|Any CPU.ActiveCfg = Release|Any CPU
		{6F57AA50-FB70-4DE8-BEAB-E3AE58B225D3}.Release|Any CPU.Build.0 = Release|Any CPU
		{72A0A175-B9EC-4BEF-8C29-164C8C878A08}.Debug|Any CPU.ActiveCfg = Debug|Any CPU
		{72A0A175-B9EC-4BEF-8C29-164C8C878A08}.Debug|Any CPU.Build.0 = Debug|Any CPU
		{72A0A175-B9EC-4BEF-8C29-164C8C878A08}.Release|Any CPU.ActiveCfg = Release|Any CPU
		{72A0A175-B9EC-4BEF-8C29-164C8C878A08}.Release|Any CPU.Build.0 = Release|Any CPU
		{DE054DF8-C249-4222-9EE7-A44B0442E0CD}.Debug|Any CPU.ActiveCfg = Debug|Any CPU
		{DE054DF8-C249-4222-9EE7-A44B0442E0CD}.Debug|Any CPU.Build.0 = Debug|Any CPU
		{DE054DF8-C249-4222-9EE7-A44B0442E0CD}.Release|Any CPU.ActiveCfg = Release|Any CPU
		{DE054DF8-C249-4222-9EE7-A44B0442E0CD}.Release|Any CPU.Build.0 = Release|Any CPU
		{DC65E4BA-5983-47CB-8D6E-1947C7F15973}.Debug|Any CPU.ActiveCfg = Debug|Any CPU
		{DC65E4BA-5983-47CB-8D6E-1947C7F15973}.Debug|Any CPU.Build.0 = Debug|Any CPU
		{DC65E4BA-5983-47CB-8D6E-1947C7F15973}.Release|Any CPU.ActiveCfg = Release|Any CPU
		{DC65E4BA-5983-47CB-8D6E-1947C7F15973}.Release|Any CPU.Build.0 = Release|Any CPU
		{AFCA9D1D-26A6-482A-A5AB-0827AD0FD677}.Debug|Any CPU.ActiveCfg = Debug|Any CPU
		{AFCA9D1D-26A6-482A-A5AB-0827AD0FD677}.Debug|Any CPU.Build.0 = Debug|Any CPU
		{AFCA9D1D-26A6-482A-A5AB-0827AD0FD677}.Release|Any CPU.ActiveCfg = Release|Any CPU
		{AFCA9D1D-26A6-482A-A5AB-0827AD0FD677}.Release|Any CPU.Build.0 = Release|Any CPU
		{E82D72A1-90F6-4341-A82D-D6B40349DF63}.Debug|Any CPU.ActiveCfg = Debug|Any CPU
		{E82D72A1-90F6-4341-A82D-D6B40349DF63}.Debug|Any CPU.Build.0 = Debug|Any CPU
		{E82D72A1-90F6-4341-A82D-D6B40349DF63}.Release|Any CPU.ActiveCfg = Release|Any CPU
		{E82D72A1-90F6-4341-A82D-D6B40349DF63}.Release|Any CPU.Build.0 = Release|Any CPU
		{861297A5-E950-4CA3-9F9F-ED921E49C153}.Debug|Any CPU.ActiveCfg = Debug|Any CPU
		{861297A5-E950-4CA3-9F9F-ED921E49C153}.Debug|Any CPU.Build.0 = Debug|Any CPU
		{861297A5-E950-4CA3-9F9F-ED921E49C153}.Release|Any CPU.ActiveCfg = Release|Any CPU
		{861297A5-E950-4CA3-9F9F-ED921E49C153}.Release|Any CPU.Build.0 = Release|Any CPU
		{FCB61E3F-2624-4146-BB83-9D2B539D99F9}.Debug|Any CPU.ActiveCfg = Debug|Any CPU
		{FCB61E3F-2624-4146-BB83-9D2B539D99F9}.Debug|Any CPU.Build.0 = Debug|Any CPU
		{FCB61E3F-2624-4146-BB83-9D2B539D99F9}.Release|Any CPU.ActiveCfg = Release|Any CPU
		{FCB61E3F-2624-4146-BB83-9D2B539D99F9}.Release|Any CPU.Build.0 = Release|Any CPU
		{B597948E-4470-4F98-B018-9BF66244DE76}.Debug|Any CPU.ActiveCfg = Debug|Any CPU
		{B597948E-4470-4F98-B018-9BF66244DE76}.Debug|Any CPU.Build.0 = Debug|Any CPU
		{B597948E-4470-4F98-B018-9BF66244DE76}.Release|Any CPU.ActiveCfg = Release|Any CPU
		{B597948E-4470-4F98-B018-9BF66244DE76}.Release|Any CPU.Build.0 = Release|Any CPU
		{A101E569-E902-4076-AF1F-6B60B465AB69}.Debug|Any CPU.ActiveCfg = Debug|Any CPU
		{A101E569-E902-4076-AF1F-6B60B465AB69}.Debug|Any CPU.Build.0 = Debug|Any CPU
		{A101E569-E902-4076-AF1F-6B60B465AB69}.Release|Any CPU.ActiveCfg = Release|Any CPU
		{A101E569-E902-4076-AF1F-6B60B465AB69}.Release|Any CPU.Build.0 = Release|Any CPU
		{28E1CCFD-718B-4B9C-8B95-F5B3B7CCCB88}.Debug|Any CPU.ActiveCfg = Debug|Any CPU
		{28E1CCFD-718B-4B9C-8B95-F5B3B7CCCB88}.Debug|Any CPU.Build.0 = Debug|Any CPU
		{28E1CCFD-718B-4B9C-8B95-F5B3B7CCCB88}.Release|Any CPU.ActiveCfg = Release|Any CPU
		{28E1CCFD-718B-4B9C-8B95-F5B3B7CCCB88}.Release|Any CPU.Build.0 = Release|Any CPU
		{995F4711-32F9-45CD-BA32-48E638DB479C}.Debug|Any CPU.ActiveCfg = Debug|Any CPU
		{995F4711-32F9-45CD-BA32-48E638DB479C}.Debug|Any CPU.Build.0 = Debug|Any CPU
		{995F4711-32F9-45CD-BA32-48E638DB479C}.Release|Any CPU.ActiveCfg = Release|Any CPU
		{995F4711-32F9-45CD-BA32-48E638DB479C}.Release|Any CPU.Build.0 = Release|Any CPU
		{BAA2850C-0A9A-4343-9C6C-14840E216A1F}.Debug|Any CPU.ActiveCfg = Debug|Any CPU
		{BAA2850C-0A9A-4343-9C6C-14840E216A1F}.Debug|Any CPU.Build.0 = Debug|Any CPU
		{BAA2850C-0A9A-4343-9C6C-14840E216A1F}.Release|Any CPU.ActiveCfg = Release|Any CPU
		{BAA2850C-0A9A-4343-9C6C-14840E216A1F}.Release|Any CPU.Build.0 = Release|Any CPU
		{F8CAAED2-0A64-4756-AA97-C0BDD56F2F25}.Debug|Any CPU.ActiveCfg = Debug|Any CPU
		{F8CAAED2-0A64-4756-AA97-C0BDD56F2F25}.Debug|Any CPU.Build.0 = Debug|Any CPU
		{F8CAAED2-0A64-4756-AA97-C0BDD56F2F25}.Release|Any CPU.ActiveCfg = Release|Any CPU
		{F8CAAED2-0A64-4756-AA97-C0BDD56F2F25}.Release|Any CPU.Build.0 = Release|Any CPU
		{E42AC7B6-8120-40B5-8CD3-C4139B940897}.Debug|Any CPU.ActiveCfg = Debug|Any CPU
		{E42AC7B6-8120-40B5-8CD3-C4139B940897}.Debug|Any CPU.Build.0 = Debug|Any CPU
		{E42AC7B6-8120-40B5-8CD3-C4139B940897}.Release|Any CPU.ActiveCfg = Release|Any CPU
		{E42AC7B6-8120-40B5-8CD3-C4139B940897}.Release|Any CPU.Build.0 = Release|Any CPU
		{C24EF2AC-49D3-4542-BC40-5D62E12C7DED}.Debug|Any CPU.ActiveCfg = Debug|Any CPU
		{C24EF2AC-49D3-4542-BC40-5D62E12C7DED}.Debug|Any CPU.Build.0 = Debug|Any CPU
		{C24EF2AC-49D3-4542-BC40-5D62E12C7DED}.Release|Any CPU.ActiveCfg = Release|Any CPU
		{C24EF2AC-49D3-4542-BC40-5D62E12C7DED}.Release|Any CPU.Build.0 = Release|Any CPU
		{31EC737E-E2A9-4FFD-A62B-94C0E4546DBA}.Debug|Any CPU.ActiveCfg = Debug|Any CPU
		{31EC737E-E2A9-4FFD-A62B-94C0E4546DBA}.Debug|Any CPU.Build.0 = Debug|Any CPU
		{31EC737E-E2A9-4FFD-A62B-94C0E4546DBA}.Release|Any CPU.ActiveCfg = Release|Any CPU
		{31EC737E-E2A9-4FFD-A62B-94C0E4546DBA}.Release|Any CPU.Build.0 = Release|Any CPU
		{B3E047F9-7648-4969-842B-405701FB274A}.Debug|Any CPU.ActiveCfg = Debug|Any CPU
		{B3E047F9-7648-4969-842B-405701FB274A}.Debug|Any CPU.Build.0 = Debug|Any CPU
		{B3E047F9-7648-4969-842B-405701FB274A}.Release|Any CPU.ActiveCfg = Release|Any CPU
		{B3E047F9-7648-4969-842B-405701FB274A}.Release|Any CPU.Build.0 = Release|Any CPU
		{863F112D-A4A4-4225-B6DA-4E9BD0625001}.Debug|Any CPU.ActiveCfg = Debug|Any CPU
		{863F112D-A4A4-4225-B6DA-4E9BD0625001}.Debug|Any CPU.Build.0 = Debug|Any CPU
		{863F112D-A4A4-4225-B6DA-4E9BD0625001}.Release|Any CPU.ActiveCfg = Release|Any CPU
		{863F112D-A4A4-4225-B6DA-4E9BD0625001}.Release|Any CPU.Build.0 = Release|Any CPU
		{BE62B112-0032-4631-B021-A1008B2CB367}.Debug|Any CPU.ActiveCfg = Debug|Any CPU
		{BE62B112-0032-4631-B021-A1008B2CB367}.Debug|Any CPU.Build.0 = Debug|Any CPU
		{BE62B112-0032-4631-B021-A1008B2CB367}.Release|Any CPU.ActiveCfg = Release|Any CPU
		{BE62B112-0032-4631-B021-A1008B2CB367}.Release|Any CPU.Build.0 = Release|Any CPU
		{A73B97DD-F870-48D0-86AE-713457B47E2B}.Debug|Any CPU.ActiveCfg = Debug|Any CPU
		{A73B97DD-F870-48D0-86AE-713457B47E2B}.Debug|Any CPU.Build.0 = Debug|Any CPU
		{A73B97DD-F870-48D0-86AE-713457B47E2B}.Release|Any CPU.ActiveCfg = Release|Any CPU
		{A73B97DD-F870-48D0-86AE-713457B47E2B}.Release|Any CPU.Build.0 = Release|Any CPU
		{868226D4-BC8B-4B91-BD09-8F63D3C9DEBE}.Debug|Any CPU.ActiveCfg = Debug|Any CPU
		{868226D4-BC8B-4B91-BD09-8F63D3C9DEBE}.Debug|Any CPU.Build.0 = Debug|Any CPU
		{868226D4-BC8B-4B91-BD09-8F63D3C9DEBE}.Release|Any CPU.ActiveCfg = Release|Any CPU
		{868226D4-BC8B-4B91-BD09-8F63D3C9DEBE}.Release|Any CPU.Build.0 = Release|Any CPU
		{9B694CCC-0A7A-4190-AB86-29A20625DD95}.Debug|Any CPU.ActiveCfg = Debug|Any CPU
		{9B694CCC-0A7A-4190-AB86-29A20625DD95}.Debug|Any CPU.Build.0 = Debug|Any CPU
		{9B694CCC-0A7A-4190-AB86-29A20625DD95}.Release|Any CPU.ActiveCfg = Release|Any CPU
		{9B694CCC-0A7A-4190-AB86-29A20625DD95}.Release|Any CPU.Build.0 = Release|Any CPU
		{A91742F8-923C-4B8C-8E53-C2EC34B80130}.Debug|Any CPU.ActiveCfg = Debug|Any CPU
		{A91742F8-923C-4B8C-8E53-C2EC34B80130}.Debug|Any CPU.Build.0 = Debug|Any CPU
		{A91742F8-923C-4B8C-8E53-C2EC34B80130}.Release|Any CPU.ActiveCfg = Release|Any CPU
		{A91742F8-923C-4B8C-8E53-C2EC34B80130}.Release|Any CPU.Build.0 = Release|Any CPU
		{EAC542FC-085F-454E-AAED-36B6ECB0A2F8}.Debug|Any CPU.ActiveCfg = Debug|Any CPU
		{EAC542FC-085F-454E-AAED-36B6ECB0A2F8}.Debug|Any CPU.Build.0 = Debug|Any CPU
		{EAC542FC-085F-454E-AAED-36B6ECB0A2F8}.Release|Any CPU.ActiveCfg = Release|Any CPU
		{EAC542FC-085F-454E-AAED-36B6ECB0A2F8}.Release|Any CPU.Build.0 = Release|Any CPU
		{C9FA4B20-4325-460B-8FDF-8AC577090473}.Debug|Any CPU.ActiveCfg = Debug|Any CPU
		{C9FA4B20-4325-460B-8FDF-8AC577090473}.Debug|Any CPU.Build.0 = Debug|Any CPU
		{C9FA4B20-4325-460B-8FDF-8AC577090473}.Release|Any CPU.ActiveCfg = Release|Any CPU
		{C9FA4B20-4325-460B-8FDF-8AC577090473}.Release|Any CPU.Build.0 = Release|Any CPU
		{235646F1-1F85-47C9-8BD2-A3E854AC38EB}.Debug|Any CPU.ActiveCfg = Debug|Any CPU
		{235646F1-1F85-47C9-8BD2-A3E854AC38EB}.Debug|Any CPU.Build.0 = Debug|Any CPU
		{235646F1-1F85-47C9-8BD2-A3E854AC38EB}.Release|Any CPU.ActiveCfg = Release|Any CPU
		{235646F1-1F85-47C9-8BD2-A3E854AC38EB}.Release|Any CPU.Build.0 = Release|Any CPU
		{C862599C-ED16-4D39-80AF-4F71F41302C0}.Debug|Any CPU.ActiveCfg = Debug|Any CPU
		{C862599C-ED16-4D39-80AF-4F71F41302C0}.Debug|Any CPU.Build.0 = Debug|Any CPU
		{C862599C-ED16-4D39-80AF-4F71F41302C0}.Release|Any CPU.ActiveCfg = Release|Any CPU
		{C862599C-ED16-4D39-80AF-4F71F41302C0}.Release|Any CPU.Build.0 = Release|Any CPU
		{9A62C452-44E3-4263-A91D-8B480259270D}.Debug|Any CPU.ActiveCfg = Debug|Any CPU
		{9A62C452-44E3-4263-A91D-8B480259270D}.Debug|Any CPU.Build.0 = Debug|Any CPU
		{9A62C452-44E3-4263-A91D-8B480259270D}.Release|Any CPU.ActiveCfg = Release|Any CPU
		{9A62C452-44E3-4263-A91D-8B480259270D}.Release|Any CPU.Build.0 = Release|Any CPU
		{CB2E194B-7C25-4952-BB51-BCAD34E8F406}.Debug|Any CPU.ActiveCfg = Debug|Any CPU
		{CB2E194B-7C25-4952-BB51-BCAD34E8F406}.Debug|Any CPU.Build.0 = Debug|Any CPU
		{CB2E194B-7C25-4952-BB51-BCAD34E8F406}.Release|Any CPU.ActiveCfg = Release|Any CPU
		{CB2E194B-7C25-4952-BB51-BCAD34E8F406}.Release|Any CPU.Build.0 = Release|Any CPU
		{9E9F2CC8-8190-42B2-8D44-CCC28AC4292A}.Debug|Any CPU.ActiveCfg = Debug|Any CPU
		{9E9F2CC8-8190-42B2-8D44-CCC28AC4292A}.Debug|Any CPU.Build.0 = Debug|Any CPU
		{9E9F2CC8-8190-42B2-8D44-CCC28AC4292A}.Release|Any CPU.ActiveCfg = Release|Any CPU
		{9E9F2CC8-8190-42B2-8D44-CCC28AC4292A}.Release|Any CPU.Build.0 = Release|Any CPU
		{25183C1B-5A1D-4535-AE62-90105C00BEAF}.Debug|Any CPU.ActiveCfg = Debug|Any CPU
		{25183C1B-5A1D-4535-AE62-90105C00BEAF}.Debug|Any CPU.Build.0 = Debug|Any CPU
		{25183C1B-5A1D-4535-AE62-90105C00BEAF}.Release|Any CPU.ActiveCfg = Release|Any CPU
		{25183C1B-5A1D-4535-AE62-90105C00BEAF}.Release|Any CPU.Build.0 = Release|Any CPU
		{CE4F8D70-E17A-4C51-9C9E-BFB42978B5E8}.Debug|Any CPU.ActiveCfg = Debug|Any CPU
		{CE4F8D70-E17A-4C51-9C9E-BFB42978B5E8}.Debug|Any CPU.Build.0 = Debug|Any CPU
		{CE4F8D70-E17A-4C51-9C9E-BFB42978B5E8}.Release|Any CPU.ActiveCfg = Release|Any CPU
		{CE4F8D70-E17A-4C51-9C9E-BFB42978B5E8}.Release|Any CPU.Build.0 = Release|Any CPU
		{AFF77CC1-3907-4AD0-B072-B838DB793280}.Debug|Any CPU.ActiveCfg = Debug|Any CPU
		{AFF77CC1-3907-4AD0-B072-B838DB793280}.Debug|Any CPU.Build.0 = Debug|Any CPU
		{AFF77CC1-3907-4AD0-B072-B838DB793280}.Release|Any CPU.ActiveCfg = Release|Any CPU
		{AFF77CC1-3907-4AD0-B072-B838DB793280}.Release|Any CPU.Build.0 = Release|Any CPU
		{A44583A6-D3DD-4798-A82F-93F54EF1431D}.Debug|Any CPU.ActiveCfg = Debug|Any CPU
		{A44583A6-D3DD-4798-A82F-93F54EF1431D}.Debug|Any CPU.Build.0 = Debug|Any CPU
		{A44583A6-D3DD-4798-A82F-93F54EF1431D}.Release|Any CPU.ActiveCfg = Release|Any CPU
		{A44583A6-D3DD-4798-A82F-93F54EF1431D}.Release|Any CPU.Build.0 = Release|Any CPU
		{CE312AFB-2FB6-4436-89D6-33242D26E2A3}.Debug|Any CPU.ActiveCfg = Debug|Any CPU
		{CE312AFB-2FB6-4436-89D6-33242D26E2A3}.Debug|Any CPU.Build.0 = Debug|Any CPU
		{CE312AFB-2FB6-4436-89D6-33242D26E2A3}.Release|Any CPU.ActiveCfg = Release|Any CPU
		{CE312AFB-2FB6-4436-89D6-33242D26E2A3}.Release|Any CPU.Build.0 = Release|Any CPU
		{185E5F57-2CB6-49B1-B47C-FD6F55EB2E56}.Debug|Any CPU.ActiveCfg = Debug|Any CPU
		{185E5F57-2CB6-49B1-B47C-FD6F55EB2E56}.Debug|Any CPU.Build.0 = Debug|Any CPU
		{185E5F57-2CB6-49B1-B47C-FD6F55EB2E56}.Release|Any CPU.ActiveCfg = Release|Any CPU
		{185E5F57-2CB6-49B1-B47C-FD6F55EB2E56}.Release|Any CPU.Build.0 = Release|Any CPU
		{C31C5E02-2BCD-4908-B941-B723B758E875}.Debug|Any CPU.ActiveCfg = Debug|Any CPU
		{C31C5E02-2BCD-4908-B941-B723B758E875}.Debug|Any CPU.Build.0 = Debug|Any CPU
		{C31C5E02-2BCD-4908-B941-B723B758E875}.Release|Any CPU.ActiveCfg = Release|Any CPU
		{C31C5E02-2BCD-4908-B941-B723B758E875}.Release|Any CPU.Build.0 = Release|Any CPU
		{3264F836-203E-4685-BC29-1B41BA386A12}.Debug|Any CPU.ActiveCfg = Debug|Any CPU
		{3264F836-203E-4685-BC29-1B41BA386A12}.Debug|Any CPU.Build.0 = Debug|Any CPU
		{3264F836-203E-4685-BC29-1B41BA386A12}.Release|Any CPU.ActiveCfg = Release|Any CPU
		{3264F836-203E-4685-BC29-1B41BA386A12}.Release|Any CPU.Build.0 = Release|Any CPU
		{C87ABC52-01D9-4D37-8705-BA0795C7BAEB}.Debug|Any CPU.ActiveCfg = Debug|Any CPU
		{C87ABC52-01D9-4D37-8705-BA0795C7BAEB}.Debug|Any CPU.Build.0 = Debug|Any CPU
		{C87ABC52-01D9-4D37-8705-BA0795C7BAEB}.Release|Any CPU.ActiveCfg = Release|Any CPU
		{C87ABC52-01D9-4D37-8705-BA0795C7BAEB}.Release|Any CPU.Build.0 = Release|Any CPU
		{1F67AE40-F8B5-4FD0-9560-ACF1EA6434B4}.Debug|Any CPU.ActiveCfg = Debug|Any CPU
		{1F67AE40-F8B5-4FD0-9560-ACF1EA6434B4}.Debug|Any CPU.Build.0 = Debug|Any CPU
		{1F67AE40-F8B5-4FD0-9560-ACF1EA6434B4}.Release|Any CPU.ActiveCfg = Release|Any CPU
		{1F67AE40-F8B5-4FD0-9560-ACF1EA6434B4}.Release|Any CPU.Build.0 = Release|Any CPU
		{9ACD49E1-4EE2-4CB0-832F-514D7E475693}.Debug|Any CPU.ActiveCfg = Debug|Any CPU
		{9ACD49E1-4EE2-4CB0-832F-514D7E475693}.Debug|Any CPU.Build.0 = Debug|Any CPU
		{9ACD49E1-4EE2-4CB0-832F-514D7E475693}.Release|Any CPU.ActiveCfg = Release|Any CPU
		{9ACD49E1-4EE2-4CB0-832F-514D7E475693}.Release|Any CPU.Build.0 = Release|Any CPU
		{09761C44-D1F2-4DB7-B33C-FCDBF260388C}.Debug|Any CPU.ActiveCfg = Debug|Any CPU
		{09761C44-D1F2-4DB7-B33C-FCDBF260388C}.Debug|Any CPU.Build.0 = Debug|Any CPU
		{09761C44-D1F2-4DB7-B33C-FCDBF260388C}.Release|Any CPU.ActiveCfg = Release|Any CPU
		{09761C44-D1F2-4DB7-B33C-FCDBF260388C}.Release|Any CPU.Build.0 = Release|Any CPU
		{32068384-1495-4002-9F26-CCFF63405B92}.Debug|Any CPU.ActiveCfg = Debug|Any CPU
		{32068384-1495-4002-9F26-CCFF63405B92}.Debug|Any CPU.Build.0 = Debug|Any CPU
		{32068384-1495-4002-9F26-CCFF63405B92}.Release|Any CPU.ActiveCfg = Release|Any CPU
		{32068384-1495-4002-9F26-CCFF63405B92}.Release|Any CPU.Build.0 = Release|Any CPU
	EndGlobalSection
	GlobalSection(SolutionProperties) = preSolution
		HideSolutionNode = FALSE
	EndGlobalSection
	GlobalSection(NestedProjects) = preSolution
		{A88B8AD4-1BE3-4E2B-B9E4-C1D34FF64E30} = {DB96042F-8815-430D-8345-362F4266F0FE}
		{6F57AA50-FB70-4DE8-BEAB-E3AE58B225D3} = {F63B0164-47EE-43BA-BAAE-411CD5EC092A}
		{72A0A175-B9EC-4BEF-8C29-164C8C878A08} = {F63B0164-47EE-43BA-BAAE-411CD5EC092A}
		{DE054DF8-C249-4222-9EE7-A44B0442E0CD} = {5E30A55A-F4F4-4309-B469-7D491CE23900}
		{DC65E4BA-5983-47CB-8D6E-1947C7F15973} = {5E30A55A-F4F4-4309-B469-7D491CE23900}
		{AFCA9D1D-26A6-482A-A5AB-0827AD0FD677} = {A75E4BA2-EC03-4074-B5A9-1BA2636658E9}
		{E82D72A1-90F6-4341-A82D-D6B40349DF63} = {A75E4BA2-EC03-4074-B5A9-1BA2636658E9}
		{861297A5-E950-4CA3-9F9F-ED921E49C153} = {A75E4BA2-EC03-4074-B5A9-1BA2636658E9}
		{0B9F756F-763B-4BEB-A592-78DBD370B3A9} = {A75E4BA2-EC03-4074-B5A9-1BA2636658E9}
		{FCB61E3F-2624-4146-BB83-9D2B539D99F9} = {0B9F756F-763B-4BEB-A592-78DBD370B3A9}
		{B597948E-4470-4F98-B018-9BF66244DE76} = {0B9F756F-763B-4BEB-A592-78DBD370B3A9}
		{A101E569-E902-4076-AF1F-6B60B465AB69} = {0B9F756F-763B-4BEB-A592-78DBD370B3A9}
		{28E1CCFD-718B-4B9C-8B95-F5B3B7CCCB88} = {0B9F756F-763B-4BEB-A592-78DBD370B3A9}
		{995F4711-32F9-45CD-BA32-48E638DB479C} = {7BDFE467-19E2-416F-94E5-647C8835DE06}
		{F44E4ECD-C55F-4575-B068-DA117F88C7CF} = {7BDFE467-19E2-416F-94E5-647C8835DE06}
		{BAA2850C-0A9A-4343-9C6C-14840E216A1F} = {F44E4ECD-C55F-4575-B068-DA117F88C7CF}
		{F8CAAED2-0A64-4756-AA97-C0BDD56F2F25} = {7BDFE467-19E2-416F-94E5-647C8835DE06}
		{E42AC7B6-8120-40B5-8CD3-C4139B940897} = {C4EFD8FD-FEBA-4C3B-B9E4-1954EBBDA1C5}
		{C24EF2AC-49D3-4542-BC40-5D62E12C7DED} = {C4EFD8FD-FEBA-4C3B-B9E4-1954EBBDA1C5}
		{29836241-DC45-4104-93D2-6F4C46F298FA} = {C4EFD8FD-FEBA-4C3B-B9E4-1954EBBDA1C5}
		{31EC737E-E2A9-4FFD-A62B-94C0E4546DBA} = {29836241-DC45-4104-93D2-6F4C46F298FA}
		{B3E047F9-7648-4969-842B-405701FB274A} = {3DCA5BDA-D495-4CD7-8424-3E33572DFF09}
		{16A909F8-F86F-4C65-9202-655E088A7D30} = {3DCA5BDA-D495-4CD7-8424-3E33572DFF09}
		{863F112D-A4A4-4225-B6DA-4E9BD0625001} = {16A909F8-F86F-4C65-9202-655E088A7D30}
		{BE62B112-0032-4631-B021-A1008B2CB367} = {C933F88A-DC6F-4D15-9816-6D47EC964AC4}
		{A73B97DD-F870-48D0-86AE-713457B47E2B} = {C933F88A-DC6F-4D15-9816-6D47EC964AC4}
		{868226D4-BC8B-4B91-BD09-8F63D3C9DEBE} = {C933F88A-DC6F-4D15-9816-6D47EC964AC4}
		{9B694CCC-0A7A-4190-AB86-29A20625DD95} = {C933F88A-DC6F-4D15-9816-6D47EC964AC4}
		{A91742F8-923C-4B8C-8E53-C2EC34B80130} = {1C0861BF-06B9-4605-BA4B-0E7993E4CF0E}
		{EAC542FC-085F-454E-AAED-36B6ECB0A2F8} = {1C0861BF-06B9-4605-BA4B-0E7993E4CF0E}
		{C9FA4B20-4325-460B-8FDF-8AC577090473} = {1C0861BF-06B9-4605-BA4B-0E7993E4CF0E}
		{235646F1-1F85-47C9-8BD2-A3E854AC38EB} = {1C0861BF-06B9-4605-BA4B-0E7993E4CF0E}
		{C862599C-ED16-4D39-80AF-4F71F41302C0} = {1C0861BF-06B9-4605-BA4B-0E7993E4CF0E}
		{9A62C452-44E3-4263-A91D-8B480259270D} = {1C0861BF-06B9-4605-BA4B-0E7993E4CF0E}
		{CB2E194B-7C25-4952-BB51-BCAD34E8F406} = {1C0861BF-06B9-4605-BA4B-0E7993E4CF0E}
		{AB4705A4-A917-49DC-BF01-215241FA02E1} = {1C0861BF-06B9-4605-BA4B-0E7993E4CF0E}
		{9E9F2CC8-8190-42B2-8D44-CCC28AC4292A} = {AB4705A4-A917-49DC-BF01-215241FA02E1}
		{25183C1B-5A1D-4535-AE62-90105C00BEAF} = {A75E4BA2-EC03-4074-B5A9-1BA2636658E9}
		{CE4F8D70-E17A-4C51-9C9E-BFB42978B5E8} = {0B9F756F-763B-4BEB-A592-78DBD370B3A9}
		{AFF77CC1-3907-4AD0-B072-B838DB793280} = {DB96042F-8815-430D-8345-362F4266F0FE}
		{A44583A6-D3DD-4798-A82F-93F54EF1431D} = {DB96042F-8815-430D-8345-362F4266F0FE}
		{CE312AFB-2FB6-4436-89D6-33242D26E2A3} = {A75E4BA2-EC03-4074-B5A9-1BA2636658E9}
		{185E5F57-2CB6-49B1-B47C-FD6F55EB2E56} = {A75E4BA2-EC03-4074-B5A9-1BA2636658E9}
		{C31C5E02-2BCD-4908-B941-B723B758E875} = {0B9F756F-763B-4BEB-A592-78DBD370B3A9}
		{3264F836-203E-4685-BC29-1B41BA386A12} = {0B9F756F-763B-4BEB-A592-78DBD370B3A9}
		{C87ABC52-01D9-4D37-8705-BA0795C7BAEB} = {119E1FEF-4D67-457A-9AD3-3FE0C43B4DEA}
		{F71EE711-DD09-4ECB-B060-1A737D573AF3} = {119E1FEF-4D67-457A-9AD3-3FE0C43B4DEA}
		{1F67AE40-F8B5-4FD0-9560-ACF1EA6434B4} = {F71EE711-DD09-4ECB-B060-1A737D573AF3}
		{9ACD49E1-4EE2-4CB0-832F-514D7E475693} = {C933F88A-DC6F-4D15-9816-6D47EC964AC4}
		{09761C44-D1F2-4DB7-B33C-FCDBF260388C} = {DB96042F-8815-430D-8345-362F4266F0FE}
		{32068384-1495-4002-9F26-CCFF63405B92} = {0B9F756F-763B-4BEB-A592-78DBD370B3A9}
	EndGlobalSection
EndGlobal
